
Microsoft Visual Studio Solution File, Format Version 12.00
# Visual Studio 15
VisualStudioVersion = 15.0.28307.168
MinimumVisualStudioVersion = 10.0.40219.1
Project("{2150E333-8FDC-42A3-9474-1A3956D46DE8}") = "Data", "Data", "{C6D09BA8-9F58-4FE5-8C61-721F3FED649B}"
EndProject
Project("{2150E333-8FDC-42A3-9474-1A3956D46DE8}") = "Services", "Services", "{B5FA253C-E22D-45BD-817B-4FCB2D5CFFD0}"
EndProject
Project("{2150E333-8FDC-42A3-9474-1A3956D46DE8}") = "Web", "Web", "{062FD8A9-B259-4B92-89D8-27E42117EE7E}"
EndProject
Project("{FAE04EC0-301F-11D3-BF4B-00C04F79EFBC}") = "NetPhlixDB.Web", "Web\NetPhlixDB.Web\NetPhlixDB.Web.csproj", "{0A8C637A-758E-4155-B818-1C64DFE7A46F}"
EndProject
Project("{FAE04EC0-301F-11D3-BF4B-00C04F79EFBC}") = "NetPhlixDB.Data", "Data\NetPhlixDB.Data\NetPhlixDB.Data.csproj", "{9E7F1E23-1661-4E2C-9461-6D7FEF0A9612}"
EndProject
Project("{FAE04EC0-301F-11D3-BF4B-00C04F79EFBC}") = "NetPhlixDB.Data.Models", "Data\NetPhlixDB.Data.Models\NetPhlixDB.Data.Models.csproj", "{3E2656CD-8A32-4B36-8635-3C9AC9FDCC88}"
EndProject
Project("{FAE04EC0-301F-11D3-BF4B-00C04F79EFBC}") = "NetPhlixDB.Services", "Services\NetPhlixDB.Services\NetPhlixDB.Services.csproj", "{451BF097-EE1A-4835-AAF3-96F31D2F93D2}"
EndProject
Global
	GlobalSection(SolutionConfigurationPlatforms) = preSolution
		Debug|Any CPU = Debug|Any CPU
		Release|Any CPU = Release|Any CPU
	EndGlobalSection
	GlobalSection(ProjectConfigurationPlatforms) = postSolution
		{0A8C637A-758E-4155-B818-1C64DFE7A46F}.Debug|Any CPU.ActiveCfg = Debug|Any CPU
		{0A8C637A-758E-4155-B818-1C64DFE7A46F}.Debug|Any CPU.Build.0 = Debug|Any CPU
		{0A8C637A-758E-4155-B818-1C64DFE7A46F}.Release|Any CPU.ActiveCfg = Release|Any CPU
		{0A8C637A-758E-4155-B818-1C64DFE7A46F}.Release|Any CPU.Build.0 = Release|Any CPU
		{9E7F1E23-1661-4E2C-9461-6D7FEF0A9612}.Debug|Any CPU.ActiveCfg = Debug|Any CPU
		{9E7F1E23-1661-4E2C-9461-6D7FEF0A9612}.Debug|Any CPU.Build.0 = Debug|Any CPU
		{9E7F1E23-1661-4E2C-9461-6D7FEF0A9612}.Release|Any CPU.ActiveCfg = Release|Any CPU
		{9E7F1E23-1661-4E2C-9461-6D7FEF0A9612}.Release|Any CPU.Build.0 = Release|Any CPU
		{3E2656CD-8A32-4B36-8635-3C9AC9FDCC88}.Debug|Any CPU.ActiveCfg = Debug|Any CPU
		{3E2656CD-8A32-4B36-8635-3C9AC9FDCC88}.Debug|Any CPU.Build.0 = Debug|Any CPU
		{3E2656CD-8A32-4B36-8635-3C9AC9FDCC88}.Release|Any CPU.ActiveCfg = Release|Any CPU
		{3E2656CD-8A32-4B36-8635-3C9AC9FDCC88}.Release|Any CPU.Build.0 = Release|Any CPU
		{451BF097-EE1A-4835-AAF3-96F31D2F93D2}.Debug|Any CPU.ActiveCfg = Debug|Any CPU
		{451BF097-EE1A-4835-AAF3-96F31D2F93D2}.Debug|Any CPU.Build.0 = Debug|Any CPU
		{451BF097-EE1A-4835-AAF3-96F31D2F93D2}.Release|Any CPU.ActiveCfg = Release|Any CPU
		{451BF097-EE1A-4835-AAF3-96F31D2F93D2}.Release|Any CPU.Build.0 = Release|Any CPU
	EndGlobalSection
	GlobalSection(SolutionProperties) = preSolution
		HideSolutionNode = FALSE
	EndGlobalSection
	GlobalSection(NestedProjects) = preSolution
		{0A8C637A-758E-4155-B818-1C64DFE7A46F} = {062FD8A9-B259-4B92-89D8-27E42117EE7E}
		{9E7F1E23-1661-4E2C-9461-6D7FEF0A9612} = {C6D09BA8-9F58-4FE5-8C61-721F3FED649B}
		{3E2656CD-8A32-4B36-8635-3C9AC9FDCC88} = {C6D09BA8-9F58-4FE5-8C61-721F3FED649B}
		{451BF097-EE1A-4835-AAF3-96F31D2F93D2} = {B5FA253C-E22D-45BD-817B-4FCB2D5CFFD0}
	EndGlobalSection
	GlobalSection(ExtensibilityGlobals) = postSolution
		SolutionGuid = {29C5B931-A7EC-4102-A209-D447CDB0B28A}
	EndGlobalSection
EndGlobal
