
Microsoft Visual Studio Solution File, Format Version 12.00
# Visual Studio 15
VisualStudioVersion = 15.0.28307.168
MinimumVisualStudioVersion = 10.0.40219.1
Project("{2150E333-8FDC-42A3-9474-1A3956D46DE8}") = "Data", "Data", "{C6D09BA8-9F58-4FE5-8C61-721F3FED649B}"
EndProject
Project("{2150E333-8FDC-42A3-9474-1A3956D46DE8}") = "Services", "Services", "{B5FA253C-E22D-45BD-817B-4FCB2D5CFFD0}"
EndProject
Project("{2150E333-8FDC-42A3-9474-1A3956D46DE8}") = "Web", "Web", "{062FD8A9-B259-4B92-89D8-27E42117EE7E}"
EndProject
Project("{9A19103F-16F7-4668-BE54-9A1E7A4F7556}") = "NetPhlixDB.Web", "Web\NetPhlixDB.Web\NetPhlixDB.Web.csproj", "{0A8C637A-758E-4155-B818-1C64DFE7A46F}"
EndProject
Project("{9A19103F-16F7-4668-BE54-9A1E7A4F7556}") = "NetPhlixDB.Data", "Data\NetPhlixDB.Data\NetPhlixDB.Data.csproj", "{9E7F1E23-1661-4E2C-9461-6D7FEF0A9612}"
EndProject
Project("{9A19103F-16F7-4668-BE54-9A1E7A4F7556}") = "NetPhlixDB.Data.Models", "Data\NetPhlixDB.Data.Models\NetPhlixDB.Data.Models.csproj", "{3E2656CD-8A32-4B36-8635-3C9AC9FDCC88}"
EndProject
Project("{9A19103F-16F7-4668-BE54-9A1E7A4F7556}") = "NetPhlixDB.Services", "Services\NetPhlixDB.Services\NetPhlixDB.Services.csproj", "{451BF097-EE1A-4835-AAF3-96F31D2F93D2}"
EndProject
Project("{9A19103F-16F7-4668-BE54-9A1E7A4F7556}") = "NetPhlixDb.Data.ViewModels", "Data\NetPhlixDb.Data.ViewModels\NetPhlixDb.Data.ViewModels.csproj", "{31ED0DCF-194D-4BFB-9FEB-5C358D9632E4}"
EndProject
Project("{2150E333-8FDC-42A3-9474-1A3956D46DE8}") = "Mapping", "Mapping", "{6D01E831-7C41-4571-B767-153F03912049}"
EndProject
Project("{9A19103F-16F7-4668-BE54-9A1E7A4F7556}") = "NetPhlixDB.Services.Mapping", "Services\Mapping\NetPhlixDB.Services.Mapping\NetPhlixDB.Services.Mapping.csproj", "{A541C80E-00B1-4E3B-9192-380C68901273}"
EndProject
Project("{2150E333-8FDC-42A3-9474-1A3956D46DE8}") = "Tests", "Tests", "{69510822-DB2B-47C2-BF5F-55CBF12EFD32}"
EndProject
Project("{9A19103F-16F7-4668-BE54-9A1E7A4F7556}") = "NetPhlixDB.Tests", "Tests\NetPhlixDB.Tests\NetPhlixDB.Tests.csproj", "{C5ECC21A-501C-426C-8F94-01EA3DFBDFDE}"
EndProject
Project("{9A19103F-16F7-4668-BE54-9A1E7A4F7556}") = "Sandbox", "Sandbox\Sandbox.csproj", "{957ED951-514D-45CF-B25A-8A64684DA96E}"
EndProject
Global
	GlobalSection(SolutionConfigurationPlatforms) = preSolution
		Debug|Any CPU = Debug|Any CPU
		Release|Any CPU = Release|Any CPU
	EndGlobalSection
	GlobalSection(ProjectConfigurationPlatforms) = postSolution
		{0A8C637A-758E-4155-B818-1C64DFE7A46F}.Debug|Any CPU.ActiveCfg = Debug|Any CPU
		{0A8C637A-758E-4155-B818-1C64DFE7A46F}.Debug|Any CPU.Build.0 = Debug|Any CPU
		{0A8C637A-758E-4155-B818-1C64DFE7A46F}.Release|Any CPU.ActiveCfg = Release|Any CPU
		{0A8C637A-758E-4155-B818-1C64DFE7A46F}.Release|Any CPU.Build.0 = Release|Any CPU
		{9E7F1E23-1661-4E2C-9461-6D7FEF0A9612}.Debug|Any CPU.ActiveCfg = Debug|Any CPU
		{9E7F1E23-1661-4E2C-9461-6D7FEF0A9612}.Debug|Any CPU.Build.0 = Debug|Any CPU
		{9E7F1E23-1661-4E2C-9461-6D7FEF0A9612}.Release|Any CPU.ActiveCfg = Release|Any CPU
		{9E7F1E23-1661-4E2C-9461-6D7FEF0A9612}.Release|Any CPU.Build.0 = Release|Any CPU
		{3E2656CD-8A32-4B36-8635-3C9AC9FDCC88}.Debug|Any CPU.ActiveCfg = Debug|Any CPU
		{3E2656CD-8A32-4B36-8635-3C9AC9FDCC88}.Debug|Any CPU.Build.0 = Debug|Any CPU
		{3E2656CD-8A32-4B36-8635-3C9AC9FDCC88}.Release|Any CPU.ActiveCfg = Release|Any CPU
		{3E2656CD-8A32-4B36-8635-3C9AC9FDCC88}.Release|Any CPU.Build.0 = Release|Any CPU
		{451BF097-EE1A-4835-AAF3-96F31D2F93D2}.Debug|Any CPU.ActiveCfg = Debug|Any CPU
		{451BF097-EE1A-4835-AAF3-96F31D2F93D2}.Debug|Any CPU.Build.0 = Debug|Any CPU
		{451BF097-EE1A-4835-AAF3-96F31D2F93D2}.Release|Any CPU.ActiveCfg = Release|Any CPU
		{451BF097-EE1A-4835-AAF3-96F31D2F93D2}.Release|Any CPU.Build.0 = Release|Any CPU
		{31ED0DCF-194D-4BFB-9FEB-5C358D9632E4}.Debug|Any CPU.ActiveCfg = Debug|Any CPU
		{31ED0DCF-194D-4BFB-9FEB-5C358D9632E4}.Debug|Any CPU.Build.0 = Debug|Any CPU
		{31ED0DCF-194D-4BFB-9FEB-5C358D9632E4}.Release|Any CPU.ActiveCfg = Release|Any CPU
		{31ED0DCF-194D-4BFB-9FEB-5C358D9632E4}.Release|Any CPU.Build.0 = Release|Any CPU
		{A541C80E-00B1-4E3B-9192-380C68901273}.Debug|Any CPU.ActiveCfg = Debug|Any CPU
		{A541C80E-00B1-4E3B-9192-380C68901273}.Debug|Any CPU.Build.0 = Debug|Any CPU
		{A541C80E-00B1-4E3B-9192-380C68901273}.Release|Any CPU.ActiveCfg = Release|Any CPU
		{A541C80E-00B1-4E3B-9192-380C68901273}.Release|Any CPU.Build.0 = Release|Any CPU
		{C5ECC21A-501C-426C-8F94-01EA3DFBDFDE}.Debug|Any CPU.ActiveCfg = Debug|Any CPU
		{C5ECC21A-501C-426C-8F94-01EA3DFBDFDE}.Debug|Any CPU.Build.0 = Debug|Any CPU
		{C5ECC21A-501C-426C-8F94-01EA3DFBDFDE}.Release|Any CPU.ActiveCfg = Release|Any CPU
		{C5ECC21A-501C-426C-8F94-01EA3DFBDFDE}.Release|Any CPU.Build.0 = Release|Any CPU
		{957ED951-514D-45CF-B25A-8A64684DA96E}.Debug|Any CPU.ActiveCfg = Debug|Any CPU
		{957ED951-514D-45CF-B25A-8A64684DA96E}.Debug|Any CPU.Build.0 = Debug|Any CPU
		{957ED951-514D-45CF-B25A-8A64684DA96E}.Release|Any CPU.ActiveCfg = Release|Any CPU
		{957ED951-514D-45CF-B25A-8A64684DA96E}.Release|Any CPU.Build.0 = Release|Any CPU
	EndGlobalSection
	GlobalSection(SolutionProperties) = preSolution
		HideSolutionNode = FALSE
	EndGlobalSection
	GlobalSection(NestedProjects) = preSolution
		{0A8C637A-758E-4155-B818-1C64DFE7A46F} = {062FD8A9-B259-4B92-89D8-27E42117EE7E}
		{9E7F1E23-1661-4E2C-9461-6D7FEF0A9612} = {C6D09BA8-9F58-4FE5-8C61-721F3FED649B}
		{3E2656CD-8A32-4B36-8635-3C9AC9FDCC88} = {C6D09BA8-9F58-4FE5-8C61-721F3FED649B}
		{451BF097-EE1A-4835-AAF3-96F31D2F93D2} = {B5FA253C-E22D-45BD-817B-4FCB2D5CFFD0}
		{31ED0DCF-194D-4BFB-9FEB-5C358D9632E4} = {C6D09BA8-9F58-4FE5-8C61-721F3FED649B}
		{6D01E831-7C41-4571-B767-153F03912049} = {B5FA253C-E22D-45BD-817B-4FCB2D5CFFD0}
		{A541C80E-00B1-4E3B-9192-380C68901273} = {6D01E831-7C41-4571-B767-153F03912049}
		{C5ECC21A-501C-426C-8F94-01EA3DFBDFDE} = {69510822-DB2B-47C2-BF5F-55CBF12EFD32}
		{957ED951-514D-45CF-B25A-8A64684DA96E} = {69510822-DB2B-47C2-BF5F-55CBF12EFD32}
	EndGlobalSection
	GlobalSection(ExtensibilityGlobals) = postSolution
		SolutionGuid = {29C5B931-A7EC-4102-A209-D447CDB0B28A}
	EndGlobalSection
EndGlobal
